// !$*UTF8*$!
{
	archiveVersion = 1;
	classes = {
	};
	objectVersion = 46;
	objects = {

/* Begin PBXBuildFile section */
		224FEB521A78BDF90060D900 /* AppDelegate.swift in Sources */ = {isa = PBXBuildFile; fileRef = 224FEB511A78BDF90060D900 /* AppDelegate.swift */; };
		224FEB551A78BDF90060D900 /* CorkDistrictLayoutTester.xcdatamodeld in Sources */ = {isa = PBXBuildFile; fileRef = 224FEB531A78BDF90060D900 /* CorkDistrictLayoutTester.xcdatamodeld */; };
		224FEB571A78BDF90060D900 /* ViewController.swift in Sources */ = {isa = PBXBuildFile; fileRef = 224FEB561A78BDF90060D900 /* ViewController.swift */; };
		224FEB5A1A78BDF90060D900 /* Main.storyboard in Resources */ = {isa = PBXBuildFile; fileRef = 224FEB581A78BDF90060D900 /* Main.storyboard */; };
		224FEB5C1A78BDF90060D900 /* Images.xcassets in Resources */ = {isa = PBXBuildFile; fileRef = 224FEB5B1A78BDF90060D900 /* Images.xcassets */; };
		224FEB5F1A78BDF90060D900 /* LaunchScreen.xib in Resources */ = {isa = PBXBuildFile; fileRef = 224FEB5D1A78BDF90060D900 /* LaunchScreen.xib */; };
		224FEB6B1A78BDF90060D900 /* CorkDistrictTests.swift in Sources */ = {isa = PBXBuildFile; fileRef = 224FEB6A1A78BDF90060D900 /* CorkDistrictTests.swift */; };
		229F9DF51A7B1D3B00F30531 /* WineTourViewController.swift in Sources */ = {isa = PBXBuildFile; fileRef = 229F9DF41A7B1D3B00F30531 /* WineTourViewController.swift */; };
		229F9DF71A7B290500F30531 /* MapViewController.swift in Sources */ = {isa = PBXBuildFile; fileRef = 229F9DF61A7B290500F30531 /* MapViewController.swift */; };
		229F9DF91A7B297100F30531 /* WineriesViewController.swift in Sources */ = {isa = PBXBuildFile; fileRef = 229F9DF81A7B297100F30531 /* WineriesViewController.swift */; };
		229F9DFB1A7B299000F30531 /* RestaurantsViewController.swift in Sources */ = {isa = PBXBuildFile; fileRef = 229F9DFA1A7B299000F30531 /* RestaurantsViewController.swift */; };
		229F9DFD1A7B29AC00F30531 /* AccomodationsViewController.swift in Sources */ = {isa = PBXBuildFile; fileRef = 229F9DFC1A7B29AB00F30531 /* AccomodationsViewController.swift */; };
		229F9DFF1A7B29E600F30531 /* PackagesViewController.swift in Sources */ = {isa = PBXBuildFile; fileRef = 229F9DFE1A7B29E600F30531 /* PackagesViewController.swift */; };
/* End PBXBuildFile section */

/* Begin PBXContainerItemProxy section */
		224FEB651A78BDF90060D900 /* PBXContainerItemProxy */ = {
			isa = PBXContainerItemProxy;
			containerPortal = 224FEB441A78BDF90060D900 /* Project object */;
			proxyType = 1;
			remoteGlobalIDString = 224FEB4B1A78BDF90060D900;
			remoteInfo = CorkDistrictLayoutTester;
		};
/* End PBXContainerItemProxy section */

/* Begin PBXFileReference section */
		224FEB4C1A78BDF90060D900 /* CorkDistrict.app */ = {isa = PBXFileReference; explicitFileType = wrapper.application; includeInIndex = 0; path = CorkDistrict.app; sourceTree = BUILT_PRODUCTS_DIR; };
		224FEB501A78BDF90060D900 /* Info.plist */ = {isa = PBXFileReference; lastKnownFileType = text.plist.xml; path = Info.plist; sourceTree = "<group>"; };
		224FEB511A78BDF90060D900 /* AppDelegate.swift */ = {isa = PBXFileReference; lastKnownFileType = sourcecode.swift; path = AppDelegate.swift; sourceTree = "<group>"; };
		224FEB541A78BDF90060D900 /* CorkDistrict.xcdatamodel */ = {isa = PBXFileReference; lastKnownFileType = wrapper.xcdatamodel; name = CorkDistrict.xcdatamodel; path = "/Users/chrislarkin/Documents/iPhone Development/CorkDistrictLayoutTester/CorkDistrictLayoutTester/CorkDistrictLayoutTester.xcdatamodeld/CorkDistrict.xcdatamodel"; sourceTree = "<absolute>"; };
		224FEB561A78BDF90060D900 /* ViewController.swift */ = {isa = PBXFileReference; lastKnownFileType = sourcecode.swift; path = ViewController.swift; sourceTree = "<group>"; };
		224FEB591A78BDF90060D900 /* Base */ = {isa = PBXFileReference; lastKnownFileType = file.storyboard; name = Base; path = Base.lproj/Main.storyboard; sourceTree = "<group>"; };
		224FEB5B1A78BDF90060D900 /* Images.xcassets */ = {isa = PBXFileReference; lastKnownFileType = folder.assetcatalog; path = Images.xcassets; sourceTree = "<group>"; };
		224FEB5E1A78BDF90060D900 /* Base */ = {isa = PBXFileReference; lastKnownFileType = file.xib; name = Base; path = Base.lproj/LaunchScreen.xib; sourceTree = "<group>"; };
		224FEB641A78BDF90060D900 /* CorkDistrictTests.xctest */ = {isa = PBXFileReference; explicitFileType = wrapper.cfbundle; includeInIndex = 0; path = CorkDistrictTests.xctest; sourceTree = BUILT_PRODUCTS_DIR; };
		224FEB691A78BDF90060D900 /* Info.plist */ = {isa = PBXFileReference; lastKnownFileType = text.plist.xml; path = Info.plist; sourceTree = "<group>"; };
		224FEB6A1A78BDF90060D900 /* CorkDistrictTests.swift */ = {isa = PBXFileReference; lastKnownFileType = sourcecode.swift; path = CorkDistrictTests.swift; sourceTree = "<group>"; };
		229F9DF41A7B1D3B00F30531 /* WineTourViewController.swift */ = {isa = PBXFileReference; fileEncoding = 4; lastKnownFileType = sourcecode.swift; path = WineTourViewController.swift; sourceTree = "<group>"; };
		229F9DF61A7B290500F30531 /* MapViewController.swift */ = {isa = PBXFileReference; fileEncoding = 4; lastKnownFileType = sourcecode.swift; path = MapViewController.swift; sourceTree = "<group>"; };
		229F9DF81A7B297100F30531 /* WineriesViewController.swift */ = {isa = PBXFileReference; fileEncoding = 4; lastKnownFileType = sourcecode.swift; path = WineriesViewController.swift; sourceTree = "<group>"; };
		229F9DFA1A7B299000F30531 /* RestaurantsViewController.swift */ = {isa = PBXFileReference; fileEncoding = 4; lastKnownFileType = sourcecode.swift; path = RestaurantsViewController.swift; sourceTree = "<group>"; };
		229F9DFC1A7B29AB00F30531 /* AccomodationsViewController.swift */ = {isa = PBXFileReference; fileEncoding = 4; lastKnownFileType = sourcecode.swift; path = AccomodationsViewController.swift; sourceTree = "<group>"; };
		229F9DFE1A7B29E600F30531 /* PackagesViewController.swift */ = {isa = PBXFileReference; fileEncoding = 4; lastKnownFileType = sourcecode.swift; path = PackagesViewController.swift; sourceTree = "<group>"; };
/* End PBXFileReference section */

/* Begin PBXFrameworksBuildPhase section */
		224FEB491A78BDF90060D900 /* Frameworks */ = {
			isa = PBXFrameworksBuildPhase;
			buildActionMask = 2147483647;
			files = (
			);
			runOnlyForDeploymentPostprocessing = 0;
		};
		224FEB611A78BDF90060D900 /* Frameworks */ = {
			isa = PBXFrameworksBuildPhase;
			buildActionMask = 2147483647;
			files = (
			);
			runOnlyForDeploymentPostprocessing = 0;
		};
/* End PBXFrameworksBuildPhase section */

/* Begin PBXGroup section */
		224FEB431A78BDF90060D900 = {
			isa = PBXGroup;
			children = (
				224FEB4E1A78BDF90060D900 /* CorkDistrict */,
				224FEB671A78BDF90060D900 /* CorkDistrictTests */,
				224FEB4D1A78BDF90060D900 /* Products */,
			);
			sourceTree = "<group>";
		};
		224FEB4D1A78BDF90060D900 /* Products */ = {
			isa = PBXGroup;
			children = (
				224FEB4C1A78BDF90060D900 /* CorkDistrict.app */,
				224FEB641A78BDF90060D900 /* CorkDistrictTests.xctest */,
			);
			name = Products;
			sourceTree = "<group>";
		};
		224FEB4E1A78BDF90060D900 /* CorkDistrict */ = {
			isa = PBXGroup;
			children = (
				224FEB511A78BDF90060D900 /* AppDelegate.swift */,
				224FEB561A78BDF90060D900 /* ViewController.swift */,
				224FEB581A78BDF90060D900 /* Main.storyboard */,
				224FEB5B1A78BDF90060D900 /* Images.xcassets */,
				224FEB5D1A78BDF90060D900 /* LaunchScreen.xib */,
				224FEB531A78BDF90060D900 /* CorkDistrictLayoutTester.xcdatamodeld */,
				224FEB4F1A78BDF90060D900 /* Supporting Files */,
				229F9DF41A7B1D3B00F30531 /* WineTourViewController.swift */,
				229F9DF61A7B290500F30531 /* MapViewController.swift */,
				229F9DF81A7B297100F30531 /* WineriesViewController.swift */,
				229F9DFA1A7B299000F30531 /* RestaurantsViewController.swift */,
				229F9DFC1A7B29AB00F30531 /* AccomodationsViewController.swift */,
				229F9DFE1A7B29E600F30531 /* PackagesViewController.swift */,
			);
			name = CorkDistrict;
			path = CorkDistrictLayoutTester;
			sourceTree = "<group>";
		};
		224FEB4F1A78BDF90060D900 /* Supporting Files */ = {
			isa = PBXGroup;
			children = (
				224FEB501A78BDF90060D900 /* Info.plist */,
			);
			name = "Supporting Files";
			sourceTree = "<group>";
		};
		224FEB671A78BDF90060D900 /* CorkDistrictTests */ = {
			isa = PBXGroup;
			children = (
				224FEB6A1A78BDF90060D900 /* CorkDistrictTests.swift */,
				224FEB681A78BDF90060D900 /* Supporting Files */,
			);
			name = CorkDistrictTests;
			path = CorkDistrictLayoutTesterTests;
			sourceTree = "<group>";
		};
		224FEB681A78BDF90060D900 /* Supporting Files */ = {
			isa = PBXGroup;
			children = (
				224FEB691A78BDF90060D900 /* Info.plist */,
			);
			name = "Supporting Files";
			sourceTree = "<group>";
		};
/* End PBXGroup section */

/* Begin PBXNativeTarget section */
		224FEB4B1A78BDF90060D900 /* CorkDistrict */ = {
			isa = PBXNativeTarget;
			buildConfigurationList = 224FEB6E1A78BDF90060D900 /* Build configuration list for PBXNativeTarget "CorkDistrict" */;
			buildPhases = (
				224FEB481A78BDF90060D900 /* Sources */,
				224FEB491A78BDF90060D900 /* Frameworks */,
				224FEB4A1A78BDF90060D900 /* Resources */,
			);
			buildRules = (
			);
			dependencies = (
			);
			name = CorkDistrict;
			productName = CorkDistrictLayoutTester;
			productReference = 224FEB4C1A78BDF90060D900 /* CorkDistrict.app */;
			productType = "com.apple.product-type.application";
		};
		224FEB631A78BDF90060D900 /* CorkDistrictTests */ = {
			isa = PBXNativeTarget;
			buildConfigurationList = 224FEB711A78BDF90060D900 /* Build configuration list for PBXNativeTarget "CorkDistrictTests" */;
			buildPhases = (
				224FEB601A78BDF90060D900 /* Sources */,
				224FEB611A78BDF90060D900 /* Frameworks */,
				224FEB621A78BDF90060D900 /* Resources */,
			);
			buildRules = (
			);
			dependencies = (
				224FEB661A78BDF90060D900 /* PBXTargetDependency */,
			);
			name = CorkDistrictTests;
			productName = CorkDistrictLayoutTesterTests;
			productReference = 224FEB641A78BDF90060D900 /* CorkDistrictTests.xctest */;
			productType = "com.apple.product-type.bundle.unit-test";
		};
/* End PBXNativeTarget section */

/* Begin PBXProject section */
		224FEB441A78BDF90060D900 /* Project object */ = {
			isa = PBXProject;
			attributes = {
				LastUpgradeCheck = 0610;
				ORGANIZATIONNAME = "Chris Larkin";
				TargetAttributes = {
					224FEB4B1A78BDF90060D900 = {
						CreatedOnToolsVersion = 6.1.1;
					};
					224FEB631A78BDF90060D900 = {
						CreatedOnToolsVersion = 6.1.1;
						TestTargetID = 224FEB4B1A78BDF90060D900;
					};
				};
			};
			buildConfigurationList = 224FEB471A78BDF90060D900 /* Build configuration list for PBXProject "CorkDistrict" */;
			compatibilityVersion = "Xcode 3.2";
			developmentRegion = English;
			hasScannedForEncodings = 0;
			knownRegions = (
				en,
				Base,
			);
			mainGroup = 224FEB431A78BDF90060D900;
			productRefGroup = 224FEB4D1A78BDF90060D900 /* Products */;
			projectDirPath = "";
			projectRoot = "";
			targets = (
				224FEB4B1A78BDF90060D900 /* CorkDistrict */,
				224FEB631A78BDF90060D900 /* CorkDistrictTests */,
			);
		};
/* End PBXProject section */

/* Begin PBXResourcesBuildPhase section */
		224FEB4A1A78BDF90060D900 /* Resources */ = {
			isa = PBXResourcesBuildPhase;
			buildActionMask = 2147483647;
			files = (
				224FEB5A1A78BDF90060D900 /* Main.storyboard in Resources */,
				224FEB5F1A78BDF90060D900 /* LaunchScreen.xib in Resources */,
				224FEB5C1A78BDF90060D900 /* Images.xcassets in Resources */,
			);
			runOnlyForDeploymentPostprocessing = 0;
		};
		224FEB621A78BDF90060D900 /* Resources */ = {
			isa = PBXResourcesBuildPhase;
			buildActionMask = 2147483647;
			files = (
			);
			runOnlyForDeploymentPostprocessing = 0;
		};
/* End PBXResourcesBuildPhase section */

/* Begin PBXSourcesBuildPhase section */
		224FEB481A78BDF90060D900 /* Sources */ = {
			isa = PBXSourcesBuildPhase;
			buildActionMask = 2147483647;
			files = (
				229F9DFB1A7B299000F30531 /* RestaurantsViewController.swift in Sources */,
				229F9DFF1A7B29E600F30531 /* PackagesViewController.swift in Sources */,
				229F9DF91A7B297100F30531 /* WineriesViewController.swift in Sources */,
				224FEB571A78BDF90060D900 /* ViewController.swift in Sources */,
				224FEB521A78BDF90060D900 /* AppDelegate.swift in Sources */,
				224FEB551A78BDF90060D900 /* CorkDistrictLayoutTester.xcdatamodeld in Sources */,
				229F9DFD1A7B29AC00F30531 /* AccomodationsViewController.swift in Sources */,
				229F9DF71A7B290500F30531 /* MapViewController.swift in Sources */,
				229F9DF51A7B1D3B00F30531 /* WineTourViewController.swift in Sources */,
			);
			runOnlyForDeploymentPostprocessing = 0;
		};
		224FEB601A78BDF90060D900 /* Sources */ = {
			isa = PBXSourcesBuildPhase;
			buildActionMask = 2147483647;
			files = (
				224FEB6B1A78BDF90060D900 /* CorkDistrictTests.swift in Sources */,
			);
			runOnlyForDeploymentPostprocessing = 0;
		};
/* End PBXSourcesBuildPhase section */

/* Begin PBXTargetDependency section */
		224FEB661A78BDF90060D900 /* PBXTargetDependency */ = {
			isa = PBXTargetDependency;
			target = 224FEB4B1A78BDF90060D900 /* CorkDistrict */;
			targetProxy = 224FEB651A78BDF90060D900 /* PBXContainerItemProxy */;
		};
/* End PBXTargetDependency section */

/* Begin PBXVariantGroup section */
		224FEB581A78BDF90060D900 /* Main.storyboard */ = {
			isa = PBXVariantGroup;
			children = (
				224FEB591A78BDF90060D900 /* Base */,
			);
			name = Main.storyboard;
			sourceTree = "<group>";
		};
		224FEB5D1A78BDF90060D900 /* LaunchScreen.xib */ = {
			isa = PBXVariantGroup;
			children = (
				224FEB5E1A78BDF90060D900 /* Base */,
			);
			name = LaunchScreen.xib;
			sourceTree = "<group>";
		};
/* End PBXVariantGroup section */

/* Begin XCBuildConfiguration section */
		224FEB6C1A78BDF90060D900 /* Debug */ = {
			isa = XCBuildConfiguration;
			buildSettings = {
				ALWAYS_SEARCH_USER_PATHS = NO;
				CLANG_CXX_LANGUAGE_STANDARD = "gnu++0x";
				CLANG_CXX_LIBRARY = "libc++";
				CLANG_ENABLE_MODULES = YES;
				CLANG_ENABLE_OBJC_ARC = YES;
				CLANG_WARN_BOOL_CONVERSION = YES;
				CLANG_WARN_CONSTANT_CONVERSION = YES;
				CLANG_WARN_DIRECT_OBJC_ISA_USAGE = YES_ERROR;
				CLANG_WARN_EMPTY_BODY = YES;
				CLANG_WARN_ENUM_CONVERSION = YES;
				CLANG_WARN_INT_CONVERSION = YES;
				CLANG_WARN_OBJC_ROOT_CLASS = YES_ERROR;
				CLANG_WARN_UNREACHABLE_CODE = YES;
				CLANG_WARN__DUPLICATE_METHOD_MATCH = YES;
				"CODE_SIGN_IDENTITY[sdk=iphoneos*]" = "iPhone Developer";
				COPY_PHASE_STRIP = NO;
				ENABLE_STRICT_OBJC_MSGSEND = YES;
				GCC_C_LANGUAGE_STANDARD = gnu99;
				GCC_DYNAMIC_NO_PIC = NO;
				GCC_OPTIMIZATION_LEVEL = 0;
				GCC_PREPROCESSOR_DEFINITIONS = (
					"DEBUG=1",
					"$(inherited)",
				);
				GCC_SYMBOLS_PRIVATE_EXTERN = NO;
				GCC_WARN_64_TO_32_BIT_CONVERSION = YES;
				GCC_WARN_ABOUT_RETURN_TYPE = YES_ERROR;
				GCC_WARN_UNDECLARED_SELECTOR = YES;
				GCC_WARN_UNINITIALIZED_AUTOS = YES_AGGRESSIVE;
				GCC_WARN_UNUSED_FUNCTION = YES;
				GCC_WARN_UNUSED_VARIABLE = YES;
				IPHONEOS_DEPLOYMENT_TARGET = 8.1;
				MTL_ENABLE_DEBUG_INFO = YES;
				ONLY_ACTIVE_ARCH = YES;
				SDKROOT = iphoneos;
				SWIFT_OPTIMIZATION_LEVEL = "-Onone";
			};
			name = Debug;
		};
		224FEB6D1A78BDF90060D900 /* Release */ = {
			isa = XCBuildConfiguration;
			buildSettings = {
				ALWAYS_SEARCH_USER_PATHS = NO;
				CLANG_CXX_LANGUAGE_STANDARD = "gnu++0x";
				CLANG_CXX_LIBRARY = "libc++";
				CLANG_ENABLE_MODULES = YES;
				CLANG_ENABLE_OBJC_ARC = YES;
				CLANG_WARN_BOOL_CONVERSION = YES;
				CLANG_WARN_CONSTANT_CONVERSION = YES;
				CLANG_WARN_DIRECT_OBJC_ISA_USAGE = YES_ERROR;
				CLANG_WARN_EMPTY_BODY = YES;
				CLANG_WARN_ENUM_CONVERSION = YES;
				CLANG_WARN_INT_CONVERSION = YES;
				CLANG_WARN_OBJC_ROOT_CLASS = YES_ERROR;
				CLANG_WARN_UNREACHABLE_CODE = YES;
				CLANG_WARN__DUPLICATE_METHOD_MATCH = YES;
				"CODE_SIGN_IDENTITY[sdk=iphoneos*]" = "iPhone Developer";
				COPY_PHASE_STRIP = YES;
				ENABLE_NS_ASSERTIONS = NO;
				ENABLE_STRICT_OBJC_MSGSEND = YES;
				GCC_C_LANGUAGE_STANDARD = gnu99;
				GCC_WARN_64_TO_32_BIT_CONVERSION = YES;
				GCC_WARN_ABOUT_RETURN_TYPE = YES_ERROR;
				GCC_WARN_UNDECLARED_SELECTOR = YES;
				GCC_WARN_UNINITIALIZED_AUTOS = YES_AGGRESSIVE;
				GCC_WARN_UNUSED_FUNCTION = YES;
				GCC_WARN_UNUSED_VARIABLE = YES;
				IPHONEOS_DEPLOYMENT_TARGET = 8.1;
				MTL_ENABLE_DEBUG_INFO = NO;
				SDKROOT = iphoneos;
				VALIDATE_PRODUCT = YES;
			};
			name = Release;
		};
		224FEB6F1A78BDF90060D900 /* Debug */ = {
			isa = XCBuildConfiguration;
			buildSettings = {
				ASSETCATALOG_COMPILER_APPICON_NAME = AppIcon;
				INFOPLIST_FILE = CorkDistrictLayoutTester/Info.plist;
				LD_RUNPATH_SEARCH_PATHS = "$(inherited) @executable_path/Frameworks";
				PRODUCT_NAME = CorkDistrict;
			};
			name = Debug;
		};
		224FEB701A78BDF90060D900 /* Release */ = {
			isa = XCBuildConfiguration;
			buildSettings = {
				ASSETCATALOG_COMPILER_APPICON_NAME = AppIcon;
				INFOPLIST_FILE = CorkDistrictLayoutTester/Info.plist;
				LD_RUNPATH_SEARCH_PATHS = "$(inherited) @executable_path/Frameworks";
				PRODUCT_NAME = CorkDistrict;
			};
			name = Release;
		};
		224FEB721A78BDF90060D900 /* Debug */ = {
			isa = XCBuildConfiguration;
			buildSettings = {
				BUNDLE_LOADER = "$(TEST_HOST)";
				FRAMEWORK_SEARCH_PATHS = (
					"$(SDKROOT)/Developer/Library/Frameworks",
					"$(inherited)",
				);
				GCC_PREPROCESSOR_DEFINITIONS = (
					"DEBUG=1",
					"$(inherited)",
				);
				INFOPLIST_FILE = CorkDistrictLayoutTesterTests/Info.plist;
				LD_RUNPATH_SEARCH_PATHS = "$(inherited) @executable_path/Frameworks @loader_path/Frameworks";
				PRODUCT_NAME = CorkDistrictTests;
				TEST_HOST = "$(BUILT_PRODUCTS_DIR)/CorkDistrict.app/CorkDistrict";
			};
			name = Debug;
		};
		224FEB731A78BDF90060D900 /* Release */ = {
			isa = XCBuildConfiguration;
			buildSettings = {
				BUNDLE_LOADER = "$(TEST_HOST)";
				FRAMEWORK_SEARCH_PATHS = (
					"$(SDKROOT)/Developer/Library/Frameworks",
					"$(inherited)",
				);
				INFOPLIST_FILE = CorkDistrictLayoutTesterTests/Info.plist;
				LD_RUNPATH_SEARCH_PATHS = "$(inherited) @executable_path/Frameworks @loader_path/Frameworks";
				PRODUCT_NAME = CorkDistrictTests;
				TEST_HOST = "$(BUILT_PRODUCTS_DIR)/CorkDistrict.app/CorkDistrict";
			};
			name = Release;
		};
/* End XCBuildConfiguration section */

/* Begin XCConfigurationList section */
		224FEB471A78BDF90060D900 /* Build configuration list for PBXProject "CorkDistrict" */ = {
			isa = XCConfigurationList;
			buildConfigurations = (
				224FEB6C1A78BDF90060D900 /* Debug */,
				224FEB6D1A78BDF90060D900 /* Release */,
			);
			defaultConfigurationIsVisible = 0;
			defaultConfigurationName = Release;
		};
		224FEB6E1A78BDF90060D900 /* Build configuration list for PBXNativeTarget "CorkDistrict" */ = {
			isa = XCConfigurationList;
			buildConfigurations = (
				224FEB6F1A78BDF90060D900 /* Debug */,
				224FEB701A78BDF90060D900 /* Release */,
			);
			defaultConfigurationIsVisible = 0;
			defaultConfigurationName = Release;
		};
		224FEB711A78BDF90060D900 /* Build configuration list for PBXNativeTarget "CorkDistrictTests" */ = {
			isa = XCConfigurationList;
			buildConfigurations = (
				224FEB721A78BDF90060D900 /* Debug */,
				224FEB731A78BDF90060D900 /* Release */,
			);
			defaultConfigurationIsVisible = 0;
			defaultConfigurationName = Release;
		};
/* End XCConfigurationList section */

/* Begin XCVersionGroup section */
		224FEB531A78BDF90060D900 /* CorkDistrictLayoutTester.xcdatamodeld */ = {
			isa = XCVersionGroup;
			children = (
				224FEB541A78BDF90060D900 /* CorkDistrict.xcdatamodel */,
			);
			currentVersion = 224FEB541A78BDF90060D900 /* CorkDistrict.xcdatamodel */;
			path = CorkDistrictLayoutTester.xcdatamodeld;
			sourceTree = "<group>";
			versionGroupType = wrapper.xcdatamodel;
		};
/* End XCVersionGroup section */
	};
	rootObject = 224FEB441A78BDF90060D900 /* Project object */;
}
